
Microsoft Visual Studio Solution File, Format Version 12.00
# Visual Studio Version 17
VisualStudioVersion = 17.6.33801.468
MinimumVisualStudioVersion = 10.0.40219.1
Project("{9A19103F-16F7-4668-BE54-9A1E7A4F7556}") = "CSharpLearning", "Excercize1\CSharpLearning.csproj", "{BB50E6F5-A070-4D9A-A427-83261E8DB93D}"
EndProject
Global
	GlobalSection(SolutionConfigurationPlatforms) = preSolution
		Debug|Any CPU = Debug|Any CPU
		Release|Any CPU = Release|Any CPU
	EndGlobalSection
	GlobalSection(ProjectConfigurationPlatforms) = postSolution
		{BB50E6F5-A070-4D9A-A427-83261E8DB93D}.Debug|Any CPU.ActiveCfg = Debug|Any CPU
		{BB50E6F5-A070-4D9A-A427-83261E8DB93D}.Debug|Any CPU.Build.0 = Debug|Any CPU
		{BB50E6F5-A070-4D9A-A427-83261E8DB93D}.Release|Any CPU.ActiveCfg = Release|Any CPU
		{BB50E6F5-A070-4D9A-A427-83261E8DB93D}.Release|Any CPU.Build.0 = Release|Any CPU
	EndGlobalSection
	GlobalSection(SolutionProperties) = preSolution
		HideSolutionNode = FALSE
	EndGlobalSection
	GlobalSection(ExtensibilityGlobals) = postSolution
		SolutionGuid = {1F3053E4-6549-4D82-A8C5-5C7D02E5DC1A}
	EndGlobalSection
EndGlobal
